
Microsoft Visual Studio Solution File, Format Version 12.00
# Visual Studio Version 17
VisualStudioVersion = 17.4.33213.308
MinimumVisualStudioVersion = 10.0.40219.1
Project("{8BC9CEB8-8B4A-11D0-8D11-00A0C91BC942}") = "binary_search", "binary_search\binary_search.vcxproj", "{E42D558C-BE4F-41AB-A6E1-724815514A90}"
EndProject
Global
	GlobalSection(SolutionConfigurationPlatforms) = preSolution
		Debug|x64 = Debug|x64
		Debug|x86 = Debug|x86
		Release|x64 = Release|x64
		Release|x86 = Release|x86
	EndGlobalSection
	GlobalSection(ProjectConfigurationPlatforms) = postSolution
		{E42D558C-BE4F-41AB-A6E1-724815514A90}.Debug|x64.ActiveCfg = Debug|x64
		{E42D558C-BE4F-41AB-A6E1-724815514A90}.Debug|x64.Build.0 = Debug|x64
		{E42D558C-BE4F-41AB-A6E1-724815514A90}.Debug|x86.ActiveCfg = Debug|Win32
		{E42D558C-BE4F-41AB-A6E1-724815514A90}.Debug|x86.Build.0 = Debug|Win32
		{E42D558C-BE4F-41AB-A6E1-724815514A90}.Release|x64.ActiveCfg = Release|x64
		{E42D558C-BE4F-41AB-A6E1-724815514A90}.Release|x64.Build.0 = Release|x64
		{E42D558C-BE4F-41AB-A6E1-724815514A90}.Release|x86.ActiveCfg = Release|Win32
		{E42D558C-BE4F-41AB-A6E1-724815514A90}.Release|x86.Build.0 = Release|Win32
	EndGlobalSection
	GlobalSection(SolutionProperties) = preSolution
		HideSolutionNode = FALSE
	EndGlobalSection
	GlobalSection(ExtensibilityGlobals) = postSolution
		SolutionGuid = {C495C42B-5079-440E-93D6-7DF22B1E288E}
	EndGlobalSection
EndGlobal
